
Microsoft Visual Studio Solution File, Format Version 12.00
# Visual Studio Version 16
VisualStudioVersion = 16.0.30114.105
MinimumVisualStudioVersion = 10.0.40219.1
Project("{2150E333-8FDC-42A3-9474-1A3956D46DE8}") = "src", "src", "{A1151888-700D-42C2-8368-1353FB7E9C9D}"
EndProject
Project("{FAE04EC0-301F-11D3-BF4B-00C04F79EFBC}") = "CommandApi", "src\CommandApi\CommandApi.csproj", "{F22615A0-619F-4836-A36C-52058E6D4429}"
EndProject
Project("{2150E333-8FDC-42A3-9474-1A3956D46DE8}") = "test", "test", "{E990F594-322D-4C52-B041-FFED346F05C5}"
EndProject
Project("{FAE04EC0-301F-11D3-BF4B-00C04F79EFBC}") = "CommandApi.Tests", "test\CommandApi.Tests\CommandApi.Tests.csproj", "{299BD4C4-558E-44B3-A378-2A1936425529}"
EndProject
Global
	GlobalSection(SolutionConfigurationPlatforms) = preSolution
		Debug|Any CPU = Debug|Any CPU
		Debug|x64 = Debug|x64
		Debug|x86 = Debug|x86
		Release|Any CPU = Release|Any CPU
		Release|x64 = Release|x64
		Release|x86 = Release|x86
	EndGlobalSection
	GlobalSection(SolutionProperties) = preSolution
		HideSolutionNode = FALSE
	EndGlobalSection
	GlobalSection(ProjectConfigurationPlatforms) = postSolution
		{F22615A0-619F-4836-A36C-52058E6D4429}.Debug|Any CPU.ActiveCfg = Debug|Any CPU
		{F22615A0-619F-4836-A36C-52058E6D4429}.Debug|Any CPU.Build.0 = Debug|Any CPU
		{F22615A0-619F-4836-A36C-52058E6D4429}.Debug|x64.ActiveCfg = Debug|Any CPU
		{F22615A0-619F-4836-A36C-52058E6D4429}.Debug|x64.Build.0 = Debug|Any CPU
		{F22615A0-619F-4836-A36C-52058E6D4429}.Debug|x86.ActiveCfg = Debug|Any CPU
		{F22615A0-619F-4836-A36C-52058E6D4429}.Debug|x86.Build.0 = Debug|Any CPU
		{F22615A0-619F-4836-A36C-52058E6D4429}.Release|Any CPU.ActiveCfg = Release|Any CPU
		{F22615A0-619F-4836-A36C-52058E6D4429}.Release|Any CPU.Build.0 = Release|Any CPU
		{F22615A0-619F-4836-A36C-52058E6D4429}.Release|x64.ActiveCfg = Release|Any CPU
		{F22615A0-619F-4836-A36C-52058E6D4429}.Release|x64.Build.0 = Release|Any CPU
		{F22615A0-619F-4836-A36C-52058E6D4429}.Release|x86.ActiveCfg = Release|Any CPU
		{F22615A0-619F-4836-A36C-52058E6D4429}.Release|x86.Build.0 = Release|Any CPU
		{299BD4C4-558E-44B3-A378-2A1936425529}.Debug|Any CPU.ActiveCfg = Debug|Any CPU
		{299BD4C4-558E-44B3-A378-2A1936425529}.Debug|Any CPU.Build.0 = Debug|Any CPU
		{299BD4C4-558E-44B3-A378-2A1936425529}.Debug|x64.ActiveCfg = Debug|Any CPU
		{299BD4C4-558E-44B3-A378-2A1936425529}.Debug|x64.Build.0 = Debug|Any CPU
		{299BD4C4-558E-44B3-A378-2A1936425529}.Debug|x86.ActiveCfg = Debug|Any CPU
		{299BD4C4-558E-44B3-A378-2A1936425529}.Debug|x86.Build.0 = Debug|Any CPU
		{299BD4C4-558E-44B3-A378-2A1936425529}.Release|Any CPU.ActiveCfg = Release|Any CPU
		{299BD4C4-558E-44B3-A378-2A1936425529}.Release|Any CPU.Build.0 = Release|Any CPU
		{299BD4C4-558E-44B3-A378-2A1936425529}.Release|x64.ActiveCfg = Release|Any CPU
		{299BD4C4-558E-44B3-A378-2A1936425529}.Release|x64.Build.0 = Release|Any CPU
		{299BD4C4-558E-44B3-A378-2A1936425529}.Release|x86.ActiveCfg = Release|Any CPU
		{299BD4C4-558E-44B3-A378-2A1936425529}.Release|x86.Build.0 = Release|Any CPU
	EndGlobalSection
	GlobalSection(NestedProjects) = preSolution
		{F22615A0-619F-4836-A36C-52058E6D4429} = {A1151888-700D-42C2-8368-1353FB7E9C9D}
		{299BD4C4-558E-44B3-A378-2A1936425529} = {E990F594-322D-4C52-B041-FFED346F05C5}
	EndGlobalSection
EndGlobal
